// !$*UTF8*$!
{
	archiveVersion = 1;
	classes = {
	};
	objectVersion = 46;
	objects = {

/* Begin PBXBuildFile section */
		5788FBEC1E769555006730D7 /* BaseViewController.swift in Sources */ = {isa = PBXBuildFile; fileRef = 5788FBEB1E769555006730D7 /* BaseViewController.swift */; };
		5788FBF01E76958B006730D7 /* BaseView.swift in Sources */ = {isa = PBXBuildFile; fileRef = 5788FBEF1E76958B006730D7 /* BaseView.swift */; };
		5788FBF21E769634006730D7 /* BaseViewModel.swift in Sources */ = {isa = PBXBuildFile; fileRef = 5788FBF11E769634006730D7 /* BaseViewModel.swift */; };
		5788FBF41E769CE3006730D7 /* MyTabBarViewController.swift in Sources */ = {isa = PBXBuildFile; fileRef = 5788FBF31E769CE3006730D7 /* MyTabBarViewController.swift */; };
		5788FBF91E76A329006730D7 /* MNPublic.swift in Sources */ = {isa = PBXBuildFile; fileRef = 5788FBF61E76A329006730D7 /* MNPublic.swift */; };
		5788FBFA1E76A329006730D7 /* UIView+Extension.swift in Sources */ = {isa = PBXBuildFile; fileRef = 5788FBF71E76A329006730D7 /* UIView+Extension.swift */; };
		57A9EFFE1E7684FA002B9DF1 /* AppDelegate.swift in Sources */ = {isa = PBXBuildFile; fileRef = 57A9EFFD1E7684FA002B9DF1 /* AppDelegate.swift */; };
		57A9F0001E7684FA002B9DF1 /* ViewController.swift in Sources */ = {isa = PBXBuildFile; fileRef = 57A9EFFF1E7684FA002B9DF1 /* ViewController.swift */; };
		57A9F0031E7684FA002B9DF1 /* Main.storyboard in Resources */ = {isa = PBXBuildFile; fileRef = 57A9F0011E7684FA002B9DF1 /* Main.storyboard */; };
		57A9F0051E7684FA002B9DF1 /* Assets.xcassets in Resources */ = {isa = PBXBuildFile; fileRef = 57A9F0041E7684FA002B9DF1 /* Assets.xcassets */; };
		57A9F0081E7684FA002B9DF1 /* LaunchScreen.storyboard in Resources */ = {isa = PBXBuildFile; fileRef = 57A9F0061E7684FA002B9DF1 /* LaunchScreen.storyboard */; };
		C3768AC68FE18BDFDA0FE8F8 /* Pods_xywy.framework in Frameworks */ = {isa = PBXBuildFile; fileRef = D24449F9579C6CAE3ECBDBD4 /* Pods_xywy.framework */; };
/* End PBXBuildFile section */

/* Begin PBXFileReference section */
		5788FBEB1E769555006730D7 /* BaseViewController.swift */ = {isa = PBXFileReference; fileEncoding = 4; lastKnownFileType = sourcecode.swift; name = BaseViewController.swift; path = BaseClass/BaseViewController.swift; sourceTree = "<group>"; };
		5788FBEF1E76958B006730D7 /* BaseView.swift */ = {isa = PBXFileReference; fileEncoding = 4; lastKnownFileType = sourcecode.swift; name = BaseView.swift; path = BaseClass/BaseView.swift; sourceTree = "<group>"; };
		5788FBF11E769634006730D7 /* BaseViewModel.swift */ = {isa = PBXFileReference; fileEncoding = 4; lastKnownFileType = sourcecode.swift; name = BaseViewModel.swift; path = BaseClass/BaseViewModel.swift; sourceTree = "<group>"; };
		5788FBF31E769CE3006730D7 /* MyTabBarViewController.swift */ = {isa = PBXFileReference; fileEncoding = 4; lastKnownFileType = sourcecode.swift; name = MyTabBarViewController.swift; path = Classes/MyTabBarViewController.swift; sourceTree = "<group>"; };
		5788FBF61E76A329006730D7 /* MNPublic.swift */ = {isa = PBXFileReference; fileEncoding = 4; lastKnownFileType = sourcecode.swift; name = MNPublic.swift; path = Public/MNPublic.swift; sourceTree = "<group>"; };
		5788FBF71E76A329006730D7 /* UIView+Extension.swift */ = {isa = PBXFileReference; fileEncoding = 4; lastKnownFileType = sourcecode.swift; name = "UIView+Extension.swift"; path = "Public/UIView+Extension.swift"; sourceTree = "<group>"; };
		57A9EFFA1E7684FA002B9DF1 /* xywy.app */ = {isa = PBXFileReference; explicitFileType = wrapper.application; includeInIndex = 0; path = xywy.app; sourceTree = BUILT_PRODUCTS_DIR; };
		57A9EFFD1E7684FA002B9DF1 /* AppDelegate.swift */ = {isa = PBXFileReference; lastKnownFileType = sourcecode.swift; path = AppDelegate.swift; sourceTree = "<group>"; };
		57A9EFFF1E7684FA002B9DF1 /* ViewController.swift */ = {isa = PBXFileReference; lastKnownFileType = sourcecode.swift; path = ViewController.swift; sourceTree = "<group>"; };
		57A9F0021E7684FA002B9DF1 /* Base */ = {isa = PBXFileReference; lastKnownFileType = file.storyboard; name = Base; path = Base.lproj/Main.storyboard; sourceTree = "<group>"; };
		57A9F0041E7684FA002B9DF1 /* Assets.xcassets */ = {isa = PBXFileReference; lastKnownFileType = folder.assetcatalog; path = Assets.xcassets; sourceTree = "<group>"; };
		57A9F0071E7684FA002B9DF1 /* Base */ = {isa = PBXFileReference; lastKnownFileType = file.storyboard; name = Base; path = Base.lproj/LaunchScreen.storyboard; sourceTree = "<group>"; };
		57A9F0091E7684FA002B9DF1 /* Info.plist */ = {isa = PBXFileReference; lastKnownFileType = text.plist.xml; path = Info.plist; sourceTree = "<group>"; };
		C4B047890888B44CAE4423EB /* Pods-xywy.debug.xcconfig */ = {isa = PBXFileReference; includeInIndex = 1; lastKnownFileType = text.xcconfig; name = "Pods-xywy.debug.xcconfig"; path = "Pods/Target Support Files/Pods-xywy/Pods-xywy.debug.xcconfig"; sourceTree = "<group>"; };
		D24449F9579C6CAE3ECBDBD4 /* Pods_xywy.framework */ = {isa = PBXFileReference; explicitFileType = wrapper.framework; includeInIndex = 0; path = Pods_xywy.framework; sourceTree = BUILT_PRODUCTS_DIR; };
		D25930FC0656BBC8AC5EA407 /* Pods-xywy.release.xcconfig */ = {isa = PBXFileReference; includeInIndex = 1; lastKnownFileType = text.xcconfig; name = "Pods-xywy.release.xcconfig"; path = "Pods/Target Support Files/Pods-xywy/Pods-xywy.release.xcconfig"; sourceTree = "<group>"; };
/* End PBXFileReference section */

/* Begin PBXFrameworksBuildPhase section */
		57A9EFF71E7684FA002B9DF1 /* Frameworks */ = {
			isa = PBXFrameworksBuildPhase;
			buildActionMask = 2147483647;
			files = (
				C3768AC68FE18BDFDA0FE8F8 /* Pods_xywy.framework in Frameworks */,
			);
			runOnlyForDeploymentPostprocessing = 0;
		};
/* End PBXFrameworksBuildPhase section */

/* Begin PBXGroup section */
		45855BAA8DB9BA93D4F29C7F /* Frameworks */ = {
			isa = PBXGroup;
			children = (
				D24449F9579C6CAE3ECBDBD4 /* Pods_xywy.framework */,
			);
			name = Frameworks;
			sourceTree = "<group>";
		};
		5788FBE31E768E34006730D7 /* BaseClass */ = {
			isa = PBXGroup;
			children = (
				5788FBEF1E76958B006730D7 /* BaseView.swift */,
				5788FBF11E769634006730D7 /* BaseViewModel.swift */,
				5788FBEB1E769555006730D7 /* BaseViewController.swift */,
			);
			name = BaseClass;
			sourceTree = "<group>";
		};
		5788FBE41E768E49006730D7 /* UICategory */ = {
			isa = PBXGroup;
			children = (
			);
			name = UICategory;
			sourceTree = "<group>";
		};
		5788FBE51E768E87006730D7 /* Network */ = {
			isa = PBXGroup;
			children = (
			);
			name = Network;
			sourceTree = "<group>";
		};
		5788FBE61E768ED0006730D7 /* Tool */ = {
			isa = PBXGroup;
			children = (
			);
			name = Tool;
			sourceTree = "<group>";
		};
		5788FBE71E768EDD006730D7 /* Classes */ = {
			isa = PBXGroup;
			children = (
				5788FBF31E769CE3006730D7 /* MyTabBarViewController.swift */,
			);
			name = Classes;
			sourceTree = "<group>";
		};
		5788FBE81E768F01006730D7 /* Public */ = {
			isa = PBXGroup;
			children = (
				5788FBF61E76A329006730D7 /* MNPublic.swift */,
				5788FBF71E76A329006730D7 /* UIView+Extension.swift */,
			);
			name = Public;
			sourceTree = "<group>";
		};
		5788FBE91E768FA4006730D7 /* Console */ = {
			isa = PBXGroup;
			children = (
			);
			name = Console;
			sourceTree = "<group>";
		};
		5788FBEA1E768FC6006730D7 /* Analytics */ = {
			isa = PBXGroup;
			children = (
			);
			name = Analytics;
			sourceTree = "<group>";
		};
		57A9EFF11E7684FA002B9DF1 = {
			isa = PBXGroup;
			children = (
				57A9EFFC1E7684FA002B9DF1 /* xywy */,
				57A9EFFB1E7684FA002B9DF1 /* Products */,
				929D81CE4E2711AD17740DAA /* Pods */,
				45855BAA8DB9BA93D4F29C7F /* Frameworks */,
			);
			sourceTree = "<group>";
		};
		57A9EFFB1E7684FA002B9DF1 /* Products */ = {
			isa = PBXGroup;
			children = (
				57A9EFFA1E7684FA002B9DF1 /* xywy.app */,
			);
			name = Products;
			sourceTree = "<group>";
		};
		57A9EFFC1E7684FA002B9DF1 /* xywy */ = {
			isa = PBXGroup;
			children = (
				57A9EFFD1E7684FA002B9DF1 /* AppDelegate.swift */,
				57A9EFFF1E7684FA002B9DF1 /* ViewController.swift */,
				5788FBEA1E768FC6006730D7 /* Analytics */,
				5788FBE91E768FA4006730D7 /* Console */,
				5788FBE81E768F01006730D7 /* Public */,
				5788FBE61E768ED0006730D7 /* Tool */,
				5788FBE51E768E87006730D7 /* Network */,
				5788FBE41E768E49006730D7 /* UICategory */,
				5788FBE31E768E34006730D7 /* BaseClass */,
				5788FBE71E768EDD006730D7 /* Classes */,
				57A9F0011E7684FA002B9DF1 /* Main.storyboard */,
				57A9F0041E7684FA002B9DF1 /* Assets.xcassets */,
				57A9F0061E7684FA002B9DF1 /* LaunchScreen.storyboard */,
				57A9F0091E7684FA002B9DF1 /* Info.plist */,
			);
			path = xywy;
			sourceTree = "<group>";
		};
		929D81CE4E2711AD17740DAA /* Pods */ = {
			isa = PBXGroup;
			children = (
				C4B047890888B44CAE4423EB /* Pods-xywy.debug.xcconfig */,
				D25930FC0656BBC8AC5EA407 /* Pods-xywy.release.xcconfig */,
			);
			name = Pods;
			sourceTree = "<group>";
		};
/* End PBXGroup section */

/* Begin PBXNativeTarget section */
		57A9EFF91E7684FA002B9DF1 /* xywy */ = {
			isa = PBXNativeTarget;
			buildConfigurationList = 57A9F00C1E7684FA002B9DF1 /* Build configuration list for PBXNativeTarget "xywy" */;
			buildPhases = (
				A16145ADA1F426F8AAF26D52 /* [CP] Check Pods Manifest.lock */,
				57A9EFF61E7684FA002B9DF1 /* Sources */,
				57A9EFF71E7684FA002B9DF1 /* Frameworks */,
				57A9EFF81E7684FA002B9DF1 /* Resources */,
				BFD7753D1E70B89FEBB5053A /* [CP] Embed Pods Frameworks */,
				DCD695DA2F978ABDCD83D9CC /* [CP] Copy Pods Resources */,
			);
			buildRules = (
			);
			dependencies = (
			);
			name = xywy;
			productName = xywy;
			productReference = 57A9EFFA1E7684FA002B9DF1 /* xywy.app */;
			productType = "com.apple.product-type.application";
		};
/* End PBXNativeTarget section */

/* Begin PBXProject section */
		57A9EFF21E7684FA002B9DF1 /* Project object */ = {
			isa = PBXProject;
			attributes = {
				LastSwiftUpdateCheck = 0820;
				LastUpgradeCheck = 0820;
				ORGANIZATIONNAME = xywy;
				TargetAttributes = {
					57A9EFF91E7684FA002B9DF1 = {
						CreatedOnToolsVersion = 8.2.1;
						ProvisioningStyle = Automatic;
					};
				};
			};
			buildConfigurationList = 57A9EFF51E7684FA002B9DF1 /* Build configuration list for PBXProject "xywy" */;
			compatibilityVersion = "Xcode 3.2";
			developmentRegion = English;
			hasScannedForEncodings = 0;
			knownRegions = (
				en,
				Base,
			);
			mainGroup = 57A9EFF11E7684FA002B9DF1;
			productRefGroup = 57A9EFFB1E7684FA002B9DF1 /* Products */;
			projectDirPath = "";
			projectRoot = "";
			targets = (
				57A9EFF91E7684FA002B9DF1 /* xywy */,
			);
		};
/* End PBXProject section */

/* Begin PBXResourcesBuildPhase section */
		57A9EFF81E7684FA002B9DF1 /* Resources */ = {
			isa = PBXResourcesBuildPhase;
			buildActionMask = 2147483647;
			files = (
				57A9F0081E7684FA002B9DF1 /* LaunchScreen.storyboard in Resources */,
				57A9F0051E7684FA002B9DF1 /* Assets.xcassets in Resources */,
				57A9F0031E7684FA002B9DF1 /* Main.storyboard in Resources */,
			);
			runOnlyForDeploymentPostprocessing = 0;
		};
/* End PBXResourcesBuildPhase section */

/* Begin PBXShellScriptBuildPhase section */
		A16145ADA1F426F8AAF26D52 /* [CP] Check Pods Manifest.lock */ = {
			isa = PBXShellScriptBuildPhase;
			buildActionMask = 2147483647;
			files = (
			);
			inputPaths = (
			);
			name = "[CP] Check Pods Manifest.lock";
			outputPaths = (
			);
			runOnlyForDeploymentPostprocessing = 0;
			shellPath = /bin/sh;
			shellScript = "diff \"${PODS_ROOT}/../Podfile.lock\" \"${PODS_ROOT}/Manifest.lock\" > /dev/null\nif [ $? != 0 ] ; then\n    # print error to STDERR\n    echo \"error: The sandbox is not in sync with the Podfile.lock. Run 'pod install' or update your CocoaPods installation.\" >&2\n    exit 1\nfi\n";
			showEnvVarsInLog = 0;
		};
		BFD7753D1E70B89FEBB5053A /* [CP] Embed Pods Frameworks */ = {
			isa = PBXShellScriptBuildPhase;
			buildActionMask = 2147483647;
			files = (
			);
			inputPaths = (
			);
			name = "[CP] Embed Pods Frameworks";
			outputPaths = (
			);
			runOnlyForDeploymentPostprocessing = 0;
			shellPath = /bin/sh;
			shellScript = "\"${SRCROOT}/Pods/Target Support Files/Pods-xywy/Pods-xywy-frameworks.sh\"\n";
			showEnvVarsInLog = 0;
		};
		DCD695DA2F978ABDCD83D9CC /* [CP] Copy Pods Resources */ = {
			isa = PBXShellScriptBuildPhase;
			buildActionMask = 2147483647;
			files = (
			);
			inputPaths = (
			);
			name = "[CP] Copy Pods Resources";
			outputPaths = (
			);
			runOnlyForDeploymentPostprocessing = 0;
			shellPath = /bin/sh;
			shellScript = "\"${SRCROOT}/Pods/Target Support Files/Pods-xywy/Pods-xywy-resources.sh\"\n";
			showEnvVarsInLog = 0;
		};
/* End PBXShellScriptBuildPhase section */

/* Begin PBXSourcesBuildPhase section */
		57A9EFF61E7684FA002B9DF1 /* Sources */ = {
			isa = PBXSourcesBuildPhase;
			buildActionMask = 2147483647;
			files = (
				5788FBF41E769CE3006730D7 /* MyTabBarViewController.swift in Sources */,
				57A9F0001E7684FA002B9DF1 /* ViewController.swift in Sources */,
				5788FBF21E769634006730D7 /* BaseViewModel.swift in Sources */,
				5788FBFA1E76A329006730D7 /* UIView+Extension.swift in Sources */,
				5788FBF91E76A329006730D7 /* MNPublic.swift in Sources */,
				57A9EFFE1E7684FA002B9DF1 /* AppDelegate.swift in Sources */,
				5788FBEC1E769555006730D7 /* BaseViewController.swift in Sources */,
				5788FBF01E76958B006730D7 /* BaseView.swift in Sources */,
			);
			runOnlyForDeploymentPostprocessing = 0;
		};
/* End PBXSourcesBuildPhase section */

/* Begin PBXVariantGroup section */
		57A9F0011E7684FA002B9DF1 /* Main.storyboard */ = {
			isa = PBXVariantGroup;
			children = (
				57A9F0021E7684FA002B9DF1 /* Base */,
			);
			name = Main.storyboard;
			sourceTree = "<group>";
		};
		57A9F0061E7684FA002B9DF1 /* LaunchScreen.storyboard */ = {
			isa = PBXVariantGroup;
			children = (
				57A9F0071E7684FA002B9DF1 /* Base */,
			);
			name = LaunchScreen.storyboard;
			sourceTree = "<group>";
		};
/* End PBXVariantGroup section */

/* Begin XCBuildConfiguration section */
		57A9F00A1E7684FA002B9DF1 /* Debug */ = {
			isa = XCBuildConfiguration;
			buildSettings = {
				ALWAYS_SEARCH_USER_PATHS = NO;
				CLANG_ANALYZER_NONNULL = YES;
				CLANG_CXX_LANGUAGE_STANDARD = "gnu++0x";
				CLANG_CXX_LIBRARY = "libc++";
				CLANG_ENABLE_MODULES = YES;
				CLANG_ENABLE_OBJC_ARC = YES;
				CLANG_WARN_BOOL_CONVERSION = YES;
				CLANG_WARN_CONSTANT_CONVERSION = YES;
				CLANG_WARN_DIRECT_OBJC_ISA_USAGE = YES_ERROR;
				CLANG_WARN_DOCUMENTATION_COMMENTS = YES;
				CLANG_WARN_EMPTY_BODY = YES;
				CLANG_WARN_ENUM_CONVERSION = YES;
				CLANG_WARN_INFINITE_RECURSION = YES;
				CLANG_WARN_INT_CONVERSION = YES;
				CLANG_WARN_OBJC_ROOT_CLASS = YES_ERROR;
				CLANG_WARN_SUSPICIOUS_MOVE = YES;
				CLANG_WARN_UNREACHABLE_CODE = YES;
				CLANG_WARN__DUPLICATE_METHOD_MATCH = YES;
				"CODE_SIGN_IDENTITY[sdk=iphoneos*]" = "iPhone Developer";
				COPY_PHASE_STRIP = NO;
				DEBUG_INFORMATION_FORMAT = dwarf;
				ENABLE_STRICT_OBJC_MSGSEND = YES;
				ENABLE_TESTABILITY = YES;
				GCC_C_LANGUAGE_STANDARD = gnu99;
				GCC_DYNAMIC_NO_PIC = NO;
				GCC_NO_COMMON_BLOCKS = YES;
				GCC_OPTIMIZATION_LEVEL = 0;
				GCC_PREPROCESSOR_DEFINITIONS = (
					"DEBUG=1",
					"$(inherited)",
				);
				GCC_WARN_64_TO_32_BIT_CONVERSION = YES;
				GCC_WARN_ABOUT_RETURN_TYPE = YES_ERROR;
				GCC_WARN_UNDECLARED_SELECTOR = YES;
				GCC_WARN_UNINITIALIZED_AUTOS = YES_AGGRESSIVE;
				GCC_WARN_UNUSED_FUNCTION = YES;
				GCC_WARN_UNUSED_VARIABLE = YES;
				IPHONEOS_DEPLOYMENT_TARGET = 10.2;
				MTL_ENABLE_DEBUG_INFO = YES;
				ONLY_ACTIVE_ARCH = YES;
				SDKROOT = iphoneos;
				SWIFT_ACTIVE_COMPILATION_CONDITIONS = DEBUG;
				SWIFT_OPTIMIZATION_LEVEL = "-Onone";
				TARGETED_DEVICE_FAMILY = "1,2";
			};
			name = Debug;
		};
		57A9F00B1E7684FA002B9DF1 /* Release */ = {
			isa = XCBuildConfiguration;
			buildSettings = {
				ALWAYS_SEARCH_USER_PATHS = NO;
				CLANG_ANALYZER_NONNULL = YES;
				CLANG_CXX_LANGUAGE_STANDARD = "gnu++0x";
				CLANG_CXX_LIBRARY = "libc++";
				CLANG_ENABLE_MODULES = YES;
				CLANG_ENABLE_OBJC_ARC = YES;
				CLANG_WARN_BOOL_CONVERSION = YES;
				CLANG_WARN_CONSTANT_CONVERSION = YES;
				CLANG_WARN_DIRECT_OBJC_ISA_USAGE = YES_ERROR;
				CLANG_WARN_DOCUMENTATION_COMMENTS = YES;
				CLANG_WARN_EMPTY_BODY = YES;
				CLANG_WARN_ENUM_CONVERSION = YES;
				CLANG_WARN_INFINITE_RECURSION = YES;
				CLANG_WARN_INT_CONVERSION = YES;
				CLANG_WARN_OBJC_ROOT_CLASS = YES_ERROR;
				CLANG_WARN_SUSPICIOUS_MOVE = YES;
				CLANG_WARN_UNREACHABLE_CODE = YES;
				CLANG_WARN__DUPLICATE_METHOD_MATCH = YES;
				"CODE_SIGN_IDENTITY[sdk=iphoneos*]" = "iPhone Developer";
				COPY_PHASE_STRIP = NO;
				DEBUG_INFORMATION_FORMAT = "dwarf-with-dsym";
				ENABLE_NS_ASSERTIONS = NO;
				ENABLE_STRICT_OBJC_MSGSEND = YES;
				GCC_C_LANGUAGE_STANDARD = gnu99;
				GCC_NO_COMMON_BLOCKS = YES;
				GCC_WARN_64_TO_32_BIT_CONVERSION = YES;
				GCC_WARN_ABOUT_RETURN_TYPE = YES_ERROR;
				GCC_WARN_UNDECLARED_SELECTOR = YES;
				GCC_WARN_UNINITIALIZED_AUTOS = YES_AGGRESSIVE;
				GCC_WARN_UNUSED_FUNCTION = YES;
				GCC_WARN_UNUSED_VARIABLE = YES;
				IPHONEOS_DEPLOYMENT_TARGET = 10.2;
				MTL_ENABLE_DEBUG_INFO = NO;
				SDKROOT = iphoneos;
				SWIFT_OPTIMIZATION_LEVEL = "-Owholemodule";
				TARGETED_DEVICE_FAMILY = "1,2";
				VALIDATE_PRODUCT = YES;
			};
			name = Release;
		};
		57A9F00D1E7684FA002B9DF1 /* Debug */ = {
			isa = XCBuildConfiguration;
			baseConfigurationReference = C4B047890888B44CAE4423EB /* Pods-xywy.debug.xcconfig */;
			buildSettings = {
				ASSETCATALOG_COMPILER_APPICON_NAME = AppIcon;
				INFOPLIST_FILE = xywy/Info.plist;
				LD_RUNPATH_SEARCH_PATHS = "$(inherited) @executable_path/Frameworks";
				PRODUCT_BUNDLE_IDENTIFIER = xywy.xywy;
				PRODUCT_NAME = "$(TARGET_NAME)";
				SWIFT_VERSION = 3.0;
			};
			name = Debug;
		};
		57A9F00E1E7684FA002B9DF1 /* Release */ = {
			isa = XCBuildConfiguration;
			baseConfigurationReference = D25930FC0656BBC8AC5EA407 /* Pods-xywy.release.xcconfig */;
			buildSettings = {
				ASSETCATALOG_COMPILER_APPICON_NAME = AppIcon;
				INFOPLIST_FILE = xywy/Info.plist;
				LD_RUNPATH_SEARCH_PATHS = "$(inherited) @executable_path/Frameworks";
				PRODUCT_BUNDLE_IDENTIFIER = xywy.xywy;
				PRODUCT_NAME = "$(TARGET_NAME)";
				SWIFT_VERSION = 3.0;
			};
			name = Release;
		};
/* End XCBuildConfiguration section */

/* Begin XCConfigurationList section */
		57A9EFF51E7684FA002B9DF1 /* Build configuration list for PBXProject "xywy" */ = {
			isa = XCConfigurationList;
			buildConfigurations = (
				57A9F00A1E7684FA002B9DF1 /* Debug */,
				57A9F00B1E7684FA002B9DF1 /* Release */,
			);
			defaultConfigurationIsVisible = 0;
			defaultConfigurationName = Release;
		};
		57A9F00C1E7684FA002B9DF1 /* Build configuration list for PBXNativeTarget "xywy" */ = {
			isa = XCConfigurationList;
			buildConfigurations = (
				57A9F00D1E7684FA002B9DF1 /* Debug */,
				57A9F00E1E7684FA002B9DF1 /* Release */,
			);
			defaultConfigurationIsVisible = 0;
			defaultConfigurationName = Release;
		};
/* End XCConfigurationList section */
	};
	rootObject = 57A9EFF21E7684FA002B9DF1 /* Project object */;
}
